
Microsoft Visual Studio Solution File, Format Version 12.00
# Visual Studio 15
VisualStudioVersion = 15.0.28307.705
MinimumVisualStudioVersion = 10.0.40219.1
Project("{D2ABAB84-BF74-430A-B69E-9DC6D40DDA17}") = "MultidimensionalProject", "MultidimensionalProject\MultidimensionalProject.dwproj", "{B231492C-BBEA-4BB6-BB29-D0CB796B2AAF}"
EndProject
Global
	GlobalSection(SolutionConfigurationPlatforms) = preSolution
		Development|Default = Development|Default
	EndGlobalSection
	GlobalSection(ProjectConfigurationPlatforms) = postSolution
		{B231492C-BBEA-4BB6-BB29-D0CB796B2AAF}.Development|Default.ActiveCfg = Development
		{B231492C-BBEA-4BB6-BB29-D0CB796B2AAF}.Development|Default.Build.0 = Development
		{B231492C-BBEA-4BB6-BB29-D0CB796B2AAF}.Development|Default.Deploy.0 = Development
	EndGlobalSection
	GlobalSection(SolutionProperties) = preSolution
		HideSolutionNode = FALSE
	EndGlobalSection
	GlobalSection(ExtensibilityGlobals) = postSolution
		SolutionGuid = {2CAE88B8-A42C-4917-A898-3D24E34EB697}
	EndGlobalSection
EndGlobal
