
Microsoft Visual Studio Solution File, Format Version 12.00
# Visual Studio 15
VisualStudioVersion = 15.0.28307.705
MinimumVisualStudioVersion = 10.0.40219.1
Project("{F14B399A-7131-4C87-9E4B-1186C45EF12D}") = "Report Project", "Report Project\Report Project.rptproj", "{B83FDAA5-3854-42A8-860C-9ED1FB4B86EF}"
EndProject
Global
	GlobalSection(SolutionConfigurationPlatforms) = preSolution
		Debug|Default = Debug|Default
		DebugLocal|Default = DebugLocal|Default
		Release|Default = Release|Default
	EndGlobalSection
	GlobalSection(ProjectConfigurationPlatforms) = postSolution
		{B83FDAA5-3854-42A8-860C-9ED1FB4B86EF}.Debug|Default.ActiveCfg = Debug
		{B83FDAA5-3854-42A8-860C-9ED1FB4B86EF}.Debug|Default.Build.0 = Debug
		{B83FDAA5-3854-42A8-860C-9ED1FB4B86EF}.Debug|Default.Deploy.0 = Debug
		{B83FDAA5-3854-42A8-860C-9ED1FB4B86EF}.DebugLocal|Default.ActiveCfg = DebugLocal
		{B83FDAA5-3854-42A8-860C-9ED1FB4B86EF}.DebugLocal|Default.Build.0 = DebugLocal
		{B83FDAA5-3854-42A8-860C-9ED1FB4B86EF}.Release|Default.ActiveCfg = Release
		{B83FDAA5-3854-42A8-860C-9ED1FB4B86EF}.Release|Default.Build.0 = Release
		{B83FDAA5-3854-42A8-860C-9ED1FB4B86EF}.Release|Default.Deploy.0 = Release
	EndGlobalSection
	GlobalSection(SolutionProperties) = preSolution
		HideSolutionNode = FALSE
	EndGlobalSection
	GlobalSection(ExtensibilityGlobals) = postSolution
		SolutionGuid = {EB3E6DBE-2003-49DC-B57C-34A126CDEAA7}
	EndGlobalSection
EndGlobal
